// !$*UTF8*$!
{
	archiveVersion = 1;
	classes = {
	};
	objectVersion = 55;
	objects = {

/* Begin PBXBuildFile section */
		7DC0E81827E1DDF800651C51 /* AppDelegate.swift in Sources */ = {isa = PBXBuildFile; fileRef = 7DC0E81727E1DDF800651C51 /* AppDelegate.swift */; };
		7DC0E81A27E1DDF800651C51 /* SceneDelegate.swift in Sources */ = {isa = PBXBuildFile; fileRef = 7DC0E81927E1DDF800651C51 /* SceneDelegate.swift */; };
		7DC0E81C27E1DDF800651C51 /* ViewController.swift in Sources */ = {isa = PBXBuildFile; fileRef = 7DC0E81B27E1DDF800651C51 /* ViewController.swift */; };
		7DC0E81F27E1DDF800651C51 /* Main.storyboard in Resources */ = {isa = PBXBuildFile; fileRef = 7DC0E81D27E1DDF800651C51 /* Main.storyboard */; };
		7DC0E82127E1DDFA00651C51 /* Assets.xcassets in Resources */ = {isa = PBXBuildFile; fileRef = 7DC0E82027E1DDFA00651C51 /* Assets.xcassets */; };
		7DC0E82427E1DDFA00651C51 /* LaunchScreen.storyboard in Resources */ = {isa = PBXBuildFile; fileRef = 7DC0E82227E1DDFA00651C51 /* LaunchScreen.storyboard */; };
		7DC0E82C27E1E11F00651C51 /* DetailViewController.swift in Sources */ = {isa = PBXBuildFile; fileRef = 7DC0E82B27E1E11F00651C51 /* DetailViewController.swift */; };
		7DC0E84527E2030A00651C51 /* nigeria@2x.png in Resources */ = {isa = PBXBuildFile; fileRef = 7DC0E82D27E2030600651C51 /* nigeria@2x.png */; };
		7DC0E84627E2030A00651C51 /* ireland@3x.png in Resources */ = {isa = PBXBuildFile; fileRef = 7DC0E82E27E2030700651C51 /* ireland@3x.png */; };
		7DC0E84727E2030A00651C51 /* estonia@3x.png in Resources */ = {isa = PBXBuildFile; fileRef = 7DC0E82F27E2030700651C51 /* estonia@3x.png */; };
		7DC0E84827E2030A00651C51 /* poland@3x.png in Resources */ = {isa = PBXBuildFile; fileRef = 7DC0E83027E2030700651C51 /* poland@3x.png */; };
		7DC0E84927E2030A00651C51 /* poland@2x.png in Resources */ = {isa = PBXBuildFile; fileRef = 7DC0E83127E2030700651C51 /* poland@2x.png */; };
		7DC0E84A27E2030A00651C51 /* russia@3x.png in Resources */ = {isa = PBXBuildFile; fileRef = 7DC0E83227E2030700651C51 /* russia@3x.png */; };
		7DC0E84B27E2030A00651C51 /* uk@2x.png in Resources */ = {isa = PBXBuildFile; fileRef = 7DC0E83327E2030700651C51 /* uk@2x.png */; };
		7DC0E84C27E2030A00651C51 /* monaco@3x.png in Resources */ = {isa = PBXBuildFile; fileRef = 7DC0E83427E2030700651C51 /* monaco@3x.png */; };
		7DC0E84D27E2030A00651C51 /* us@2x.png in Resources */ = {isa = PBXBuildFile; fileRef = 7DC0E83527E2030700651C51 /* us@2x.png */; };
		7DC0E84E27E2030A00651C51 /* germany@2x.png in Resources */ = {isa = PBXBuildFile; fileRef = 7DC0E83627E2030800651C51 /* germany@2x.png */; };
		7DC0E84F27E2030A00651C51 /* nigeria@3x.png in Resources */ = {isa = PBXBuildFile; fileRef = 7DC0E83727E2030800651C51 /* nigeria@3x.png */; };
		7DC0E85027E2030A00651C51 /* us@3x.png in Resources */ = {isa = PBXBuildFile; fileRef = 7DC0E83827E2030800651C51 /* us@3x.png */; };
		7DC0E85127E2030A00651C51 /* estonia@2x.png in Resources */ = {isa = PBXBuildFile; fileRef = 7DC0E83927E2030800651C51 /* estonia@2x.png */; };
		7DC0E85227E2030A00651C51 /* france@3x.png in Resources */ = {isa = PBXBuildFile; fileRef = 7DC0E83A27E2030800651C51 /* france@3x.png */; };
		7DC0E85327E2030A00651C51 /* italy@2x.png in Resources */ = {isa = PBXBuildFile; fileRef = 7DC0E83B27E2030800651C51 /* italy@2x.png */; };
		7DC0E85427E2030A00651C51 /* ireland@2x.png in Resources */ = {isa = PBXBuildFile; fileRef = 7DC0E83C27E2030800651C51 /* ireland@2x.png */; };
		7DC0E85527E2030A00651C51 /* italy@3x.png in Resources */ = {isa = PBXBuildFile; fileRef = 7DC0E83D27E2030900651C51 /* italy@3x.png */; };
		7DC0E85627E2030A00651C51 /* monaco@2x.png in Resources */ = {isa = PBXBuildFile; fileRef = 7DC0E83E27E2030900651C51 /* monaco@2x.png */; };
		7DC0E85727E2030A00651C51 /* spain@2x.png in Resources */ = {isa = PBXBuildFile; fileRef = 7DC0E83F27E2030900651C51 /* spain@2x.png */; };
		7DC0E85827E2030A00651C51 /* uk@3x.png in Resources */ = {isa = PBXBuildFile; fileRef = 7DC0E84027E2030900651C51 /* uk@3x.png */; };
		7DC0E85927E2030A00651C51 /* russia@2x.png in Resources */ = {isa = PBXBuildFile; fileRef = 7DC0E84127E2030900651C51 /* russia@2x.png */; };
		7DC0E85A27E2030A00651C51 /* spain@3x.png in Resources */ = {isa = PBXBuildFile; fileRef = 7DC0E84227E2030900651C51 /* spain@3x.png */; };
		7DC0E85B27E2030A00651C51 /* france@2x.png in Resources */ = {isa = PBXBuildFile; fileRef = 7DC0E84327E2030900651C51 /* france@2x.png */; };
		7DC0E85C27E2030A00651C51 /* germany@3x.png in Resources */ = {isa = PBXBuildFile; fileRef = 7DC0E84427E2030A00651C51 /* germany@3x.png */; };
/* End PBXBuildFile section */

/* Begin PBXFileReference section */
		7DC0E81427E1DDF800651C51 /* Challenge1(Hws).app */ = {isa = PBXFileReference; explicitFileType = wrapper.application; includeInIndex = 0; path = "Challenge1(Hws).app"; sourceTree = BUILT_PRODUCTS_DIR; };
		7DC0E81727E1DDF800651C51 /* AppDelegate.swift */ = {isa = PBXFileReference; lastKnownFileType = sourcecode.swift; path = AppDelegate.swift; sourceTree = "<group>"; };
		7DC0E81927E1DDF800651C51 /* SceneDelegate.swift */ = {isa = PBXFileReference; lastKnownFileType = sourcecode.swift; path = SceneDelegate.swift; sourceTree = "<group>"; };
		7DC0E81B27E1DDF800651C51 /* ViewController.swift */ = {isa = PBXFileReference; lastKnownFileType = sourcecode.swift; path = ViewController.swift; sourceTree = "<group>"; };
		7DC0E81E27E1DDF800651C51 /* Base */ = {isa = PBXFileReference; lastKnownFileType = file.storyboard; name = Base; path = Base.lproj/Main.storyboard; sourceTree = "<group>"; };
		7DC0E82027E1DDFA00651C51 /* Assets.xcassets */ = {isa = PBXFileReference; lastKnownFileType = folder.assetcatalog; path = Assets.xcassets; sourceTree = "<group>"; };
		7DC0E82327E1DDFA00651C51 /* Base */ = {isa = PBXFileReference; lastKnownFileType = file.storyboard; name = Base; path = Base.lproj/LaunchScreen.storyboard; sourceTree = "<group>"; };
		7DC0E82527E1DDFA00651C51 /* Info.plist */ = {isa = PBXFileReference; lastKnownFileType = text.plist.xml; path = Info.plist; sourceTree = "<group>"; };
		7DC0E82B27E1E11F00651C51 /* DetailViewController.swift */ = {isa = PBXFileReference; lastKnownFileType = sourcecode.swift; path = DetailViewController.swift; sourceTree = "<group>"; };
		7DC0E82D27E2030600651C51 /* nigeria@2x.png */ = {isa = PBXFileReference; lastKnownFileType = image.png; path = "nigeria@2x.png"; sourceTree = "<group>"; };
		7DC0E82E27E2030700651C51 /* ireland@3x.png */ = {isa = PBXFileReference; lastKnownFileType = image.png; path = "ireland@3x.png"; sourceTree = "<group>"; };
		7DC0E82F27E2030700651C51 /* estonia@3x.png */ = {isa = PBXFileReference; lastKnownFileType = image.png; path = "estonia@3x.png"; sourceTree = "<group>"; };
		7DC0E83027E2030700651C51 /* poland@3x.png */ = {isa = PBXFileReference; lastKnownFileType = image.png; path = "poland@3x.png"; sourceTree = "<group>"; };
		7DC0E83127E2030700651C51 /* poland@2x.png */ = {isa = PBXFileReference; lastKnownFileType = image.png; path = "poland@2x.png"; sourceTree = "<group>"; };
		7DC0E83227E2030700651C51 /* russia@3x.png */ = {isa = PBXFileReference; lastKnownFileType = image.png; path = "russia@3x.png"; sourceTree = "<group>"; };
		7DC0E83327E2030700651C51 /* uk@2x.png */ = {isa = PBXFileReference; lastKnownFileType = image.png; path = "uk@2x.png"; sourceTree = "<group>"; };
		7DC0E83427E2030700651C51 /* monaco@3x.png */ = {isa = PBXFileReference; lastKnownFileType = image.png; path = "monaco@3x.png"; sourceTree = "<group>"; };
		7DC0E83527E2030700651C51 /* us@2x.png */ = {isa = PBXFileReference; lastKnownFileType = image.png; path = "us@2x.png"; sourceTree = "<group>"; };
		7DC0E83627E2030800651C51 /* germany@2x.png */ = {isa = PBXFileReference; lastKnownFileType = image.png; path = "germany@2x.png"; sourceTree = "<group>"; };
		7DC0E83727E2030800651C51 /* nigeria@3x.png */ = {isa = PBXFileReference; lastKnownFileType = image.png; path = "nigeria@3x.png"; sourceTree = "<group>"; };
		7DC0E83827E2030800651C51 /* us@3x.png */ = {isa = PBXFileReference; lastKnownFileType = image.png; path = "us@3x.png"; sourceTree = "<group>"; };
		7DC0E83927E2030800651C51 /* estonia@2x.png */ = {isa = PBXFileReference; lastKnownFileType = image.png; path = "estonia@2x.png"; sourceTree = "<group>"; };
		7DC0E83A27E2030800651C51 /* france@3x.png */ = {isa = PBXFileReference; lastKnownFileType = image.png; path = "france@3x.png"; sourceTree = "<group>"; };
		7DC0E83B27E2030800651C51 /* italy@2x.png */ = {isa = PBXFileReference; lastKnownFileType = image.png; path = "italy@2x.png"; sourceTree = "<group>"; };
		7DC0E83C27E2030800651C51 /* ireland@2x.png */ = {isa = PBXFileReference; lastKnownFileType = image.png; path = "ireland@2x.png"; sourceTree = "<group>"; };
		7DC0E83D27E2030900651C51 /* italy@3x.png */ = {isa = PBXFileReference; lastKnownFileType = image.png; path = "italy@3x.png"; sourceTree = "<group>"; };
		7DC0E83E27E2030900651C51 /* monaco@2x.png */ = {isa = PBXFileReference; lastKnownFileType = image.png; path = "monaco@2x.png"; sourceTree = "<group>"; };
		7DC0E83F27E2030900651C51 /* spain@2x.png */ = {isa = PBXFileReference; lastKnownFileType = image.png; path = "spain@2x.png"; sourceTree = "<group>"; };
		7DC0E84027E2030900651C51 /* uk@3x.png */ = {isa = PBXFileReference; lastKnownFileType = image.png; path = "uk@3x.png"; sourceTree = "<group>"; };
		7DC0E84127E2030900651C51 /* russia@2x.png */ = {isa = PBXFileReference; lastKnownFileType = image.png; path = "russia@2x.png"; sourceTree = "<group>"; };
		7DC0E84227E2030900651C51 /* spain@3x.png */ = {isa = PBXFileReference; lastKnownFileType = image.png; path = "spain@3x.png"; sourceTree = "<group>"; };
		7DC0E84327E2030900651C51 /* france@2x.png */ = {isa = PBXFileReference; lastKnownFileType = image.png; path = "france@2x.png"; sourceTree = "<group>"; };
		7DC0E84427E2030A00651C51 /* germany@3x.png */ = {isa = PBXFileReference; lastKnownFileType = image.png; path = "germany@3x.png"; sourceTree = "<group>"; };
/* End PBXFileReference section */

/* Begin PBXFrameworksBuildPhase section */
		7DC0E81127E1DDF800651C51 /* Frameworks */ = {
			isa = PBXFrameworksBuildPhase;
			buildActionMask = 2147483647;
			files = (
			);
			runOnlyForDeploymentPostprocessing = 0;
		};
/* End PBXFrameworksBuildPhase section */

/* Begin PBXGroup section */
		7DC0E80B27E1DDF700651C51 = {
			isa = PBXGroup;
			children = (
				7DC0E81627E1DDF800651C51 /* Challenge1(Hws) */,
				7DC0E81527E1DDF800651C51 /* Products */,
			);
			sourceTree = "<group>";
		};
		7DC0E81527E1DDF800651C51 /* Products */ = {
			isa = PBXGroup;
			children = (
				7DC0E81427E1DDF800651C51 /* Challenge1(Hws).app */,
			);
			name = Products;
			sourceTree = "<group>";
		};
		7DC0E81627E1DDF800651C51 /* Challenge1(Hws) */ = {
			isa = PBXGroup;
			children = (
				7DC0E81727E1DDF800651C51 /* AppDelegate.swift */,
				7DC0E81927E1DDF800651C51 /* SceneDelegate.swift */,
				7DC0E81B27E1DDF800651C51 /* ViewController.swift */,
				7DC0E82B27E1E11F00651C51 /* DetailViewController.swift */,
				7DC0E81D27E1DDF800651C51 /* Main.storyboard */,
				7DC0E82027E1DDFA00651C51 /* Assets.xcassets */,
				7DC0E82227E1DDFA00651C51 /* LaunchScreen.storyboard */,
				7DC0E82527E1DDFA00651C51 /* Info.plist */,
				7DC0E83927E2030800651C51 /* estonia@2x.png */,
				7DC0E82F27E2030700651C51 /* estonia@3x.png */,
				7DC0E84327E2030900651C51 /* france@2x.png */,
				7DC0E83A27E2030800651C51 /* france@3x.png */,
				7DC0E83627E2030800651C51 /* germany@2x.png */,
				7DC0E84427E2030A00651C51 /* germany@3x.png */,
				7DC0E83C27E2030800651C51 /* ireland@2x.png */,
				7DC0E82E27E2030700651C51 /* ireland@3x.png */,
				7DC0E83B27E2030800651C51 /* italy@2x.png */,
				7DC0E83D27E2030900651C51 /* italy@3x.png */,
				7DC0E83E27E2030900651C51 /* monaco@2x.png */,
				7DC0E83427E2030700651C51 /* monaco@3x.png */,
				7DC0E82D27E2030600651C51 /* nigeria@2x.png */,
				7DC0E83727E2030800651C51 /* nigeria@3x.png */,
				7DC0E83127E2030700651C51 /* poland@2x.png */,
				7DC0E83027E2030700651C51 /* poland@3x.png */,
				7DC0E84127E2030900651C51 /* russia@2x.png */,
				7DC0E83227E2030700651C51 /* russia@3x.png */,
				7DC0E83F27E2030900651C51 /* spain@2x.png */,
				7DC0E84227E2030900651C51 /* spain@3x.png */,
				7DC0E83327E2030700651C51 /* uk@2x.png */,
				7DC0E84027E2030900651C51 /* uk@3x.png */,
				7DC0E83527E2030700651C51 /* us@2x.png */,
				7DC0E83827E2030800651C51 /* us@3x.png */,
			);
			path = "Challenge1(Hws)";
			sourceTree = "<group>";
		};
/* End PBXGroup section */

/* Begin PBXNativeTarget section */
		7DC0E81327E1DDF800651C51 /* Challenge1(Hws) */ = {
			isa = PBXNativeTarget;
			buildConfigurationList = 7DC0E82827E1DDFA00651C51 /* Build configuration list for PBXNativeTarget "Challenge1(Hws)" */;
			buildPhases = (
				7DC0E81027E1DDF800651C51 /* Sources */,
				7DC0E81127E1DDF800651C51 /* Frameworks */,
				7DC0E81227E1DDF800651C51 /* Resources */,
			);
			buildRules = (
			);
			dependencies = (
			);
			name = "Challenge1(Hws)";
			productName = "Challenge1(Hws)";
			productReference = 7DC0E81427E1DDF800651C51 /* Challenge1(Hws).app */;
			productType = "com.apple.product-type.application";
		};
/* End PBXNativeTarget section */

/* Begin PBXProject section */
		7DC0E80C27E1DDF700651C51 /* Project object */ = {
			isa = PBXProject;
			attributes = {
				BuildIndependentTargetsInParallel = 1;
				LastSwiftUpdateCheck = 1320;
				LastUpgradeCheck = 1320;
				TargetAttributes = {
					7DC0E81327E1DDF800651C51 = {
						CreatedOnToolsVersion = 13.2.1;
					};
				};
			};
			buildConfigurationList = 7DC0E80F27E1DDF700651C51 /* Build configuration list for PBXProject "Challenge1(Hws)" */;
			compatibilityVersion = "Xcode 13.0";
			developmentRegion = en;
			hasScannedForEncodings = 0;
			knownRegions = (
				en,
				Base,
			);
			mainGroup = 7DC0E80B27E1DDF700651C51;
			productRefGroup = 7DC0E81527E1DDF800651C51 /* Products */;
			projectDirPath = "";
			projectRoot = "";
			targets = (
				7DC0E81327E1DDF800651C51 /* Challenge1(Hws) */,
			);
		};
/* End PBXProject section */

/* Begin PBXResourcesBuildPhase section */
		7DC0E81227E1DDF800651C51 /* Resources */ = {
			isa = PBXResourcesBuildPhase;
			buildActionMask = 2147483647;
			files = (
				7DC0E84927E2030A00651C51 /* poland@2x.png in Resources */,
				7DC0E85927E2030A00651C51 /* russia@2x.png in Resources */,
				7DC0E85527E2030A00651C51 /* italy@3x.png in Resources */,
				7DC0E85A27E2030A00651C51 /* spain@3x.png in Resources */,
				7DC0E82427E1DDFA00651C51 /* LaunchScreen.storyboard in Resources */,
				7DC0E85B27E2030A00651C51 /* france@2x.png in Resources */,
				7DC0E85627E2030A00651C51 /* monaco@2x.png in Resources */,
				7DC0E84E27E2030A00651C51 /* germany@2x.png in Resources */,
				7DC0E85027E2030A00651C51 /* us@3x.png in Resources */,
				7DC0E82127E1DDFA00651C51 /* Assets.xcassets in Resources */,
				7DC0E84527E2030A00651C51 /* nigeria@2x.png in Resources */,
				7DC0E84F27E2030A00651C51 /* nigeria@3x.png in Resources */,
				7DC0E84627E2030A00651C51 /* ireland@3x.png in Resources */,
				7DC0E84827E2030A00651C51 /* poland@3x.png in Resources */,
				7DC0E84D27E2030A00651C51 /* us@2x.png in Resources */,
				7DC0E81F27E1DDF800651C51 /* Main.storyboard in Resources */,
				7DC0E84A27E2030A00651C51 /* russia@3x.png in Resources */,
				7DC0E85327E2030A00651C51 /* italy@2x.png in Resources */,
				7DC0E85C27E2030A00651C51 /* germany@3x.png in Resources */,
				7DC0E84C27E2030A00651C51 /* monaco@3x.png in Resources */,
				7DC0E85427E2030A00651C51 /* ireland@2x.png in Resources */,
				7DC0E84B27E2030A00651C51 /* uk@2x.png in Resources */,
				7DC0E85727E2030A00651C51 /* spain@2x.png in Resources */,
				7DC0E85127E2030A00651C51 /* estonia@2x.png in Resources */,
				7DC0E85227E2030A00651C51 /* france@3x.png in Resources */,
				7DC0E85827E2030A00651C51 /* uk@3x.png in Resources */,
				7DC0E84727E2030A00651C51 /* estonia@3x.png in Resources */,
			);
			runOnlyForDeploymentPostprocessing = 0;
		};
/* End PBXResourcesBuildPhase section */

/* Begin PBXSourcesBuildPhase section */
		7DC0E81027E1DDF800651C51 /* Sources */ = {
			isa = PBXSourcesBuildPhase;
			buildActionMask = 2147483647;
			files = (
				7DC0E81C27E1DDF800651C51 /* ViewController.swift in Sources */,
				7DC0E81827E1DDF800651C51 /* AppDelegate.swift in Sources */,
				7DC0E81A27E1DDF800651C51 /* SceneDelegate.swift in Sources */,
				7DC0E82C27E1E11F00651C51 /* DetailViewController.swift in Sources */,
			);
			runOnlyForDeploymentPostprocessing = 0;
		};
/* End PBXSourcesBuildPhase section */

/* Begin PBXVariantGroup section */
		7DC0E81D27E1DDF800651C51 /* Main.storyboard */ = {
			isa = PBXVariantGroup;
			children = (
				7DC0E81E27E1DDF800651C51 /* Base */,
			);
			name = Main.storyboard;
			sourceTree = "<group>";
		};
		7DC0E82227E1DDFA00651C51 /* LaunchScreen.storyboard */ = {
			isa = PBXVariantGroup;
			children = (
				7DC0E82327E1DDFA00651C51 /* Base */,
			);
			name = LaunchScreen.storyboard;
			sourceTree = "<group>";
		};
/* End PBXVariantGroup section */

/* Begin XCBuildConfiguration section */
		7DC0E82627E1DDFA00651C51 /* Debug */ = {
			isa = XCBuildConfiguration;
			buildSettings = {
				ALWAYS_SEARCH_USER_PATHS = NO;
				CLANG_ANALYZER_NONNULL = YES;
				CLANG_ANALYZER_NUMBER_OBJECT_CONVERSION = YES_AGGRESSIVE;
				CLANG_CXX_LANGUAGE_STANDARD = "gnu++17";
				CLANG_CXX_LIBRARY = "libc++";
				CLANG_ENABLE_MODULES = YES;
				CLANG_ENABLE_OBJC_ARC = YES;
				CLANG_ENABLE_OBJC_WEAK = YES;
				CLANG_WARN_BLOCK_CAPTURE_AUTORELEASING = YES;
				CLANG_WARN_BOOL_CONVERSION = YES;
				CLANG_WARN_COMMA = YES;
				CLANG_WARN_CONSTANT_CONVERSION = YES;
				CLANG_WARN_DEPRECATED_OBJC_IMPLEMENTATIONS = YES;
				CLANG_WARN_DIRECT_OBJC_ISA_USAGE = YES_ERROR;
				CLANG_WARN_DOCUMENTATION_COMMENTS = YES;
				CLANG_WARN_EMPTY_BODY = YES;
				CLANG_WARN_ENUM_CONVERSION = YES;
				CLANG_WARN_INFINITE_RECURSION = YES;
				CLANG_WARN_INT_CONVERSION = YES;
				CLANG_WARN_NON_LITERAL_NULL_CONVERSION = YES;
				CLANG_WARN_OBJC_IMPLICIT_RETAIN_SELF = YES;
				CLANG_WARN_OBJC_LITERAL_CONVERSION = YES;
				CLANG_WARN_OBJC_ROOT_CLASS = YES_ERROR;
				CLANG_WARN_QUOTED_INCLUDE_IN_FRAMEWORK_HEADER = YES;
				CLANG_WARN_RANGE_LOOP_ANALYSIS = YES;
				CLANG_WARN_STRICT_PROTOTYPES = YES;
				CLANG_WARN_SUSPICIOUS_MOVE = YES;
				CLANG_WARN_UNGUARDED_AVAILABILITY = YES_AGGRESSIVE;
				CLANG_WARN_UNREACHABLE_CODE = YES;
				CLANG_WARN__DUPLICATE_METHOD_MATCH = YES;
				COPY_PHASE_STRIP = NO;
				DEBUG_INFORMATION_FORMAT = dwarf;
				ENABLE_STRICT_OBJC_MSGSEND = YES;
				ENABLE_TESTABILITY = YES;
				GCC_C_LANGUAGE_STANDARD = gnu11;
				GCC_DYNAMIC_NO_PIC = NO;
				GCC_NO_COMMON_BLOCKS = YES;
				GCC_OPTIMIZATION_LEVEL = 0;
				GCC_PREPROCESSOR_DEFINITIONS = (
					"DEBUG=1",
					"$(inherited)",
				);
				GCC_WARN_64_TO_32_BIT_CONVERSION = YES;
				GCC_WARN_ABOUT_RETURN_TYPE = YES_ERROR;
				GCC_WARN_UNDECLARED_SELECTOR = YES;
				GCC_WARN_UNINITIALIZED_AUTOS = YES_AGGRESSIVE;
				GCC_WARN_UNUSED_FUNCTION = YES;
				GCC_WARN_UNUSED_VARIABLE = YES;
				IPHONEOS_DEPLOYMENT_TARGET = 15.2;
				MTL_ENABLE_DEBUG_INFO = INCLUDE_SOURCE;
				MTL_FAST_MATH = YES;
				ONLY_ACTIVE_ARCH = YES;
				SDKROOT = iphoneos;
				SWIFT_ACTIVE_COMPILATION_CONDITIONS = DEBUG;
				SWIFT_OPTIMIZATION_LEVEL = "-Onone";
			};
			name = Debug;
		};
		7DC0E82727E1DDFA00651C51 /* Release */ = {
			isa = XCBuildConfiguration;
			buildSettings = {
				ALWAYS_SEARCH_USER_PATHS = NO;
				CLANG_ANALYZER_NONNULL = YES;
				CLANG_ANALYZER_NUMBER_OBJECT_CONVERSION = YES_AGGRESSIVE;
				CLANG_CXX_LANGUAGE_STANDARD = "gnu++17";
				CLANG_CXX_LIBRARY = "libc++";
				CLANG_ENABLE_MODULES = YES;
				CLANG_ENABLE_OBJC_ARC = YES;
				CLANG_ENABLE_OBJC_WEAK = YES;
				CLANG_WARN_BLOCK_CAPTURE_AUTORELEASING = YES;
				CLANG_WARN_BOOL_CONVERSION = YES;
				CLANG_WARN_COMMA = YES;
				CLANG_WARN_CONSTANT_CONVERSION = YES;
				CLANG_WARN_DEPRECATED_OBJC_IMPLEMENTATIONS = YES;
				CLANG_WARN_DIRECT_OBJC_ISA_USAGE = YES_ERROR;
				CLANG_WARN_DOCUMENTATION_COMMENTS = YES;
				CLANG_WARN_EMPTY_BODY = YES;
				CLANG_WARN_ENUM_CONVERSION = YES;
				CLANG_WARN_INFINITE_RECURSION = YES;
				CLANG_WARN_INT_CONVERSION = YES;
				CLANG_WARN_NON_LITERAL_NULL_CONVERSION = YES;
				CLANG_WARN_OBJC_IMPLICIT_RETAIN_SELF = YES;
				CLANG_WARN_OBJC_LITERAL_CONVERSION = YES;
				CLANG_WARN_OBJC_ROOT_CLASS = YES_ERROR;
				CLANG_WARN_QUOTED_INCLUDE_IN_FRAMEWORK_HEADER = YES;
				CLANG_WARN_RANGE_LOOP_ANALYSIS = YES;
				CLANG_WARN_STRICT_PROTOTYPES = YES;
				CLANG_WARN_SUSPICIOUS_MOVE = YES;
				CLANG_WARN_UNGUARDED_AVAILABILITY = YES_AGGRESSIVE;
				CLANG_WARN_UNREACHABLE_CODE = YES;
				CLANG_WARN__DUPLICATE_METHOD_MATCH = YES;
				COPY_PHASE_STRIP = NO;
				DEBUG_INFORMATION_FORMAT = "dwarf-with-dsym";
				ENABLE_NS_ASSERTIONS = NO;
				ENABLE_STRICT_OBJC_MSGSEND = YES;
				GCC_C_LANGUAGE_STANDARD = gnu11;
				GCC_NO_COMMON_BLOCKS = YES;
				GCC_WARN_64_TO_32_BIT_CONVERSION = YES;
				GCC_WARN_ABOUT_RETURN_TYPE = YES_ERROR;
				GCC_WARN_UNDECLARED_SELECTOR = YES;
				GCC_WARN_UNINITIALIZED_AUTOS = YES_AGGRESSIVE;
				GCC_WARN_UNUSED_FUNCTION = YES;
				GCC_WARN_UNUSED_VARIABLE = YES;
				IPHONEOS_DEPLOYMENT_TARGET = 15.2;
				MTL_ENABLE_DEBUG_INFO = NO;
				MTL_FAST_MATH = YES;
				SDKROOT = iphoneos;
				SWIFT_COMPILATION_MODE = wholemodule;
				SWIFT_OPTIMIZATION_LEVEL = "-O";
				VALIDATE_PRODUCT = YES;
			};
			name = Release;
		};
		7DC0E82927E1DDFA00651C51 /* Debug */ = {
			isa = XCBuildConfiguration;
			buildSettings = {
				ASSETCATALOG_COMPILER_APPICON_NAME = AppIcon;
				ASSETCATALOG_COMPILER_GLOBAL_ACCENT_COLOR_NAME = AccentColor;
				CODE_SIGN_STYLE = Automatic;
				CURRENT_PROJECT_VERSION = 1;
				GENERATE_INFOPLIST_FILE = YES;
				INFOPLIST_FILE = "Challenge1(Hws)/Info.plist";
				INFOPLIST_KEY_UIApplicationSupportsIndirectInputEvents = YES;
				INFOPLIST_KEY_UILaunchStoryboardName = LaunchScreen;
				INFOPLIST_KEY_UIMainStoryboardFile = Main;
				INFOPLIST_KEY_UISupportedInterfaceOrientations_iPad = "UIInterfaceOrientationPortrait UIInterfaceOrientationPortraitUpsideDown UIInterfaceOrientationLandscapeLeft UIInterfaceOrientationLandscapeRight";
				INFOPLIST_KEY_UISupportedInterfaceOrientations_iPhone = "UIInterfaceOrientationPortrait UIInterfaceOrientationLandscapeLeft UIInterfaceOrientationLandscapeRight";
				LD_RUNPATH_SEARCH_PATHS = (
					"$(inherited)",
					"@executable_path/Frameworks",
				);
				MARKETING_VERSION = 1.0;
				PRODUCT_BUNDLE_IDENTIFIER = "com.abylay.Challenge1-Hws-";
				PRODUCT_NAME = "$(TARGET_NAME)";
				SWIFT_EMIT_LOC_STRINGS = YES;
				SWIFT_VERSION = 5.0;
				TARGETED_DEVICE_FAMILY = "1,2";
			};
			name = Debug;
		};
		7DC0E82A27E1DDFA00651C51 /* Release */ = {
			isa = XCBuildConfiguration;
			buildSettings = {
				ASSETCATALOG_COMPILER_APPICON_NAME = AppIcon;
				ASSETCATALOG_COMPILER_GLOBAL_ACCENT_COLOR_NAME = AccentColor;
				CODE_SIGN_STYLE = Automatic;
				CURRENT_PROJECT_VERSION = 1;
				GENERATE_INFOPLIST_FILE = YES;
				INFOPLIST_FILE = "Challenge1(Hws)/Info.plist";
				INFOPLIST_KEY_UIApplicationSupportsIndirectInputEvents = YES;
				INFOPLIST_KEY_UILaunchStoryboardName = LaunchScreen;
				INFOPLIST_KEY_UIMainStoryboardFile = Main;
				INFOPLIST_KEY_UISupportedInterfaceOrientations_iPad = "UIInterfaceOrientationPortrait UIInterfaceOrientationPortraitUpsideDown UIInterfaceOrientationLandscapeLeft UIInterfaceOrientationLandscapeRight";
				INFOPLIST_KEY_UISupportedInterfaceOrientations_iPhone = "UIInterfaceOrientationPortrait UIInterfaceOrientationLandscapeLeft UIInterfaceOrientationLandscapeRight";
				LD_RUNPATH_SEARCH_PATHS = (
					"$(inherited)",
					"@executable_path/Frameworks",
				);
				MARKETING_VERSION = 1.0;
				PRODUCT_BUNDLE_IDENTIFIER = "com.abylay.Challenge1-Hws-";
				PRODUCT_NAME = "$(TARGET_NAME)";
				SWIFT_EMIT_LOC_STRINGS = YES;
				SWIFT_VERSION = 5.0;
				TARGETED_DEVICE_FAMILY = "1,2";
			};
			name = Release;
		};
/* End XCBuildConfiguration section */

/* Begin XCConfigurationList section */
		7DC0E80F27E1DDF700651C51 /* Build configuration list for PBXProject "Challenge1(Hws)" */ = {
			isa = XCConfigurationList;
			buildConfigurations = (
				7DC0E82627E1DDFA00651C51 /* Debug */,
				7DC0E82727E1DDFA00651C51 /* Release */,
			);
			defaultConfigurationIsVisible = 0;
			defaultConfigurationName = Release;
		};
		7DC0E82827E1DDFA00651C51 /* Build configuration list for PBXNativeTarget "Challenge1(Hws)" */ = {
			isa = XCConfigurationList;
			buildConfigurations = (
				7DC0E82927E1DDFA00651C51 /* Debug */,
				7DC0E82A27E1DDFA00651C51 /* Release */,
			);
			defaultConfigurationIsVisible = 0;
			defaultConfigurationName = Release;
		};
/* End XCConfigurationList section */
	};
	rootObject = 7DC0E80C27E1DDF700651C51 /* Project object */;
}
